// !$*UTF8*$!
{
	archiveVersion = 1;
	classes = {
	};
	objectVersion = 54;
	objects = {

/* Begin PBXBuildFile section */
		00E356F31AD99517003FC87E /* AwesomeTests.m in Sources */ = {isa = PBXBuildFile; fileRef = 00E356F21AD99517003FC87E /* AwesomeTests.m */; };
		083145FBC97F408A90422EC8 /* OpenSans_SemiCondensed-ExtraBoldItalic.ttf in Resources */ = {isa = PBXBuildFile; fileRef = B94575ACB2CB48AEA3F5A8D0 /* OpenSans_SemiCondensed-ExtraBoldItalic.ttf */; };
		0A63D405E256460E8C7862D2 /* OpenSans_SemiCondensed-Light.ttf in Resources */ = {isa = PBXBuildFile; fileRef = FEB44379B58F45D980B94CD5 /* OpenSans_SemiCondensed-Light.ttf */; };
		0C80B921A6F3F58F76C31292 /* libPods-Awesome.a in Frameworks */ = {isa = PBXBuildFile; fileRef = 5DCACB8F33CDC322A6C60F78 /* libPods-Awesome.a */; };
		0EAC4F5A01604D14A51848CB /* SourceSansPro-Regular.ttf in Resources */ = {isa = PBXBuildFile; fileRef = 8BBC621633B541B185BD513C /* SourceSansPro-Regular.ttf */; };
		13B07FBC1A68108700A75B9A /* AppDelegate.mm in Sources */ = {isa = PBXBuildFile; fileRef = 13B07FB01A68108700A75B9A /* AppDelegate.mm */; };
		13B07FBF1A68108700A75B9A /* Images.xcassets in Resources */ = {isa = PBXBuildFile; fileRef = 13B07FB51A68108700A75B9A /* Images.xcassets */; };
		13B07FC11A68108700A75B9A /* main.m in Sources */ = {isa = PBXBuildFile; fileRef = 13B07FB71A68108700A75B9A /* main.m */; };
		22F3799BA82F4C0987148A2D /* SourceSansPro-Italic.ttf in Resources */ = {isa = PBXBuildFile; fileRef = F48B9B6716AB43F5AF84179E /* SourceSansPro-Italic.ttf */; };
		253CC85BB3F54EFE8AF95D8E /* OpenSans-BoldItalic.ttf in Resources */ = {isa = PBXBuildFile; fileRef = 28F2F18B774140E3A5824F85 /* OpenSans-BoldItalic.ttf */; };
		2D9BA4AA77EF4741827C134C /* OpenSans_Condensed-Regular.ttf in Resources */ = {isa = PBXBuildFile; fileRef = 43B219419EB346AFB985DB2A /* OpenSans_Condensed-Regular.ttf */; };
		35C4E14B68D44C66B661DAA2 /* OpenSans-Bold.ttf in Resources */ = {isa = PBXBuildFile; fileRef = 5DEB7946AAF7464695534847 /* OpenSans-Bold.ttf */; };
		3D2344F5F8414C67B4B2332E /* SourceSansPro-Bold.ttf in Resources */ = {isa = PBXBuildFile; fileRef = 853B34B56C3042FFB43DA82D /* SourceSansPro-Bold.ttf */; };
		3E2BF11AA61245D4945EAE58 /* OpenSans_SemiCondensed-MediumItalic.ttf in Resources */ = {isa = PBXBuildFile; fileRef = 1E05691191E14392908464EC /* OpenSans_SemiCondensed-MediumItalic.ttf */; };
		44101BECD3F247DB9DC24CC2 /* OpenSans-LightItalic.ttf in Resources */ = {isa = PBXBuildFile; fileRef = 3D42F697A89E44189365FA09 /* OpenSans-LightItalic.ttf */; };
		49F2585B6D9244AAB52E46E6 /* OpenSans_Condensed-SemiBold.ttf in Resources */ = {isa = PBXBuildFile; fileRef = 95123CB2409D4364B6989729 /* OpenSans_Condensed-SemiBold.ttf */; };
		51D9970516CA4FF283ADAC07 /* OpenSans-Regular.ttf in Resources */ = {isa = PBXBuildFile; fileRef = 94271A658B2D443F8611CE15 /* OpenSans-Regular.ttf */; };
		5A7236CAA403429397EE1B1E /* OpenSans_SemiCondensed-ExtraBold.ttf in Resources */ = {isa = PBXBuildFile; fileRef = 275284C761DE4C90B2B84AF4 /* OpenSans_SemiCondensed-ExtraBold.ttf */; };
		5C180784979F487FBA8E98D5 /* SourceSansPro-Light.ttf in Resources */ = {isa = PBXBuildFile; fileRef = 98984A552FD54737B42B19FF /* SourceSansPro-Light.ttf */; };
		611EA56FFD0648B6BB061439 /* SourceSansPro-SemiBold.ttf in Resources */ = {isa = PBXBuildFile; fileRef = F61FD0BB43F74941AD276CD1 /* SourceSansPro-SemiBold.ttf */; };
		6292F32157894481A9B7B19B /* OpenSans_Condensed-SemiBoldItalic.ttf in Resources */ = {isa = PBXBuildFile; fileRef = 3767C3A0229A4FFC8301261C /* OpenSans_Condensed-SemiBoldItalic.ttf */; };
		6679EF9395A5445BA3B8254D /* SourceSansPro-BoldItalic.ttf in Resources */ = {isa = PBXBuildFile; fileRef = E42451D78EDE4068BCF8326A /* SourceSansPro-BoldItalic.ttf */; };
		6710160A1F4C4E4597C93E67 /* OpenSans_SemiCondensed-Italic.ttf in Resources */ = {isa = PBXBuildFile; fileRef = 5DAE3B2FECB24229978CEB89 /* OpenSans_SemiCondensed-Italic.ttf */; };
		72F66CC34561483888A78098 /* SourceSansPro-BlackItalic.ttf in Resources */ = {isa = PBXBuildFile; fileRef = F066BEC67BB94CD38D723826 /* SourceSansPro-BlackItalic.ttf */; };
		73530B53F0934DB490A52C66 /* OpenSans_Condensed-ExtraBold.ttf in Resources */ = {isa = PBXBuildFile; fileRef = F5447DC7227348889DD8C54D /* OpenSans_Condensed-ExtraBold.ttf */; };
		7699B88040F8A987B510C191 /* libPods-Awesome-AwesomeTests.a in Frameworks */ = {isa = PBXBuildFile; fileRef = 19F6CBCC0A4E27FBF8BF4A61 /* libPods-Awesome-AwesomeTests.a */; };
		76CE8036B6454B68ABB491A5 /* OpenSans-SemiBoldItalic.ttf in Resources */ = {isa = PBXBuildFile; fileRef = AEDE32973ABD4E439DEC5955 /* OpenSans-SemiBoldItalic.ttf */; };
		78CAC54CCBF24A5F92EF29CE /* OpenSans_SemiCondensed-BoldItalic.ttf in Resources */ = {isa = PBXBuildFile; fileRef = 0A4DC3961F3C4EF895006A01 /* OpenSans_SemiCondensed-BoldItalic.ttf */; };
		7EE2B7A8764E473FAC65E361 /* OpenSans_SemiCondensed-SemiBold.ttf in Resources */ = {isa = PBXBuildFile; fileRef = 8939CD34DC18496E8894C884 /* OpenSans_SemiCondensed-SemiBold.ttf */; };
		867DDB4E28A92B7700A4064A /* LaunchScreen.storyboard in Resources */ = {isa = PBXBuildFile; fileRef = 867DDB4D28A92B7700A4064A /* LaunchScreen.storyboard */; };
		873AA5AE72354DA9B02CED5C /* OpenSans-SemiBold.ttf in Resources */ = {isa = PBXBuildFile; fileRef = DFCE6BA7F83C4F9E817FFBD3 /* OpenSans-SemiBold.ttf */; };
		89B4DF276BD4487A96B28505 /* OpenSans_SemiCondensed-SemiBoldItalic.ttf in Resources */ = {isa = PBXBuildFile; fileRef = B28C3B1F6C0B4B1EAA9CF58D /* OpenSans_SemiCondensed-SemiBoldItalic.ttf */; };
		89D00F8280754409B96A32B5 /* OpenSans_SemiCondensed-Medium.ttf in Resources */ = {isa = PBXBuildFile; fileRef = 6DB786F97F5E46EEAC49FD43 /* OpenSans_SemiCondensed-Medium.ttf */; };
		915B43C111CA44C5A40C9B24 /* OpenSans-ExtraBold.ttf in Resources */ = {isa = PBXBuildFile; fileRef = 5E1895D3EE53470BA9885747 /* OpenSans-ExtraBold.ttf */; };
		95560CE352144603B1DAEAD2 /* SourceSansPro-SemiBoldItalic.ttf in Resources */ = {isa = PBXBuildFile; fileRef = 768F039304594B37964E0D04 /* SourceSansPro-SemiBoldItalic.ttf */; };
		97B465D5F71C4BBEA1999CB2 /* OpenSans_Condensed-MediumItalic.ttf in Resources */ = {isa = PBXBuildFile; fileRef = A370F7A07BE14CEABEEFBFE6 /* OpenSans_Condensed-MediumItalic.ttf */; };
		99A939916BAF4B1489D11660 /* OpenSans_Condensed-Medium.ttf in Resources */ = {isa = PBXBuildFile; fileRef = 1B744DC2AB0941FFAFEC79DC /* OpenSans_Condensed-Medium.ttf */; };
		9C94B21C22CF48F7B961A962 /* OpenSans_Condensed-ExtraBoldItalic.ttf in Resources */ = {isa = PBXBuildFile; fileRef = F0A9C3F157AE434A947D338F /* OpenSans_Condensed-ExtraBoldItalic.ttf */; };
		9E8C33204BDC46B7A5EB8654 /* OpenSans_SemiCondensed-LightItalic.ttf in Resources */ = {isa = PBXBuildFile; fileRef = D6B2EBEEA9DA47A29CA1442C /* OpenSans_SemiCondensed-LightItalic.ttf */; };
		A0427728B03344799EA37B1E /* OpenSans-MediumItalic.ttf in Resources */ = {isa = PBXBuildFile; fileRef = 3AE8ED638A284FA286F48745 /* OpenSans-MediumItalic.ttf */; };
		A153FDFF0EB144CD9E850B03 /* OpenSans-ExtraBoldItalic.ttf in Resources */ = {isa = PBXBuildFile; fileRef = 8FD0681564FE4421A7963810 /* OpenSans-ExtraBoldItalic.ttf */; };
		A5623E4CC8A04D4093341809 /* OpenSans_Condensed-BoldItalic.ttf in Resources */ = {isa = PBXBuildFile; fileRef = 1A34DDFF055442098CE9C92D /* OpenSans_Condensed-BoldItalic.ttf */; };
		A8CB2BAC831041E4B67B9482 /* SourceSansPro-ExtraLightItalic.ttf in Resources */ = {isa = PBXBuildFile; fileRef = A984FD1EF7B44EB3AF51126F /* SourceSansPro-ExtraLightItalic.ttf */; };
		B7314B2C73BC4481A05EAFC2 /* OpenSans_SemiCondensed-Regular.ttf in Resources */ = {isa = PBXBuildFile; fileRef = FAC995CD0C0E4E628E462142 /* OpenSans_SemiCondensed-Regular.ttf */; };
		BD8B8B84BD6E4A6F8BB66AD4 /* OpenSans-Italic.ttf in Resources */ = {isa = PBXBuildFile; fileRef = 3926D782FA20471A93CC9AD1 /* OpenSans-Italic.ttf */; };
		BEA1A60B7948454498B77AED /* SourceSansPro-ExtraLight.ttf in Resources */ = {isa = PBXBuildFile; fileRef = BCD3724901DC4CD084F315EA /* SourceSansPro-ExtraLight.ttf */; };
		D5027AE3688B4E26AB97831F /* OpenSans-Medium.ttf in Resources */ = {isa = PBXBuildFile; fileRef = B5A2BFC255A6422DACBD7E93 /* OpenSans-Medium.ttf */; };
		E8F97E3735604091B0039271 /* OpenSans_Condensed-LightItalic.ttf in Resources */ = {isa = PBXBuildFile; fileRef = F3F893CF9E2645DD9DA4B73E /* OpenSans_Condensed-LightItalic.ttf */; };
		EDCF9BABD1C94083BB4BEFE3 /* OpenSans_SemiCondensed-Bold.ttf in Resources */ = {isa = PBXBuildFile; fileRef = 13244EFE021A4F8BB5F54895 /* OpenSans_SemiCondensed-Bold.ttf */; };
		EE882CEF55A044509CEDF08C /* OpenSans_Condensed-Light.ttf in Resources */ = {isa = PBXBuildFile; fileRef = 143C5FA695F443F9A8973705 /* OpenSans_Condensed-Light.ttf */; };
		F22F99EC4D3E4B27B030B470 /* SourceSansPro-LightItalic.ttf in Resources */ = {isa = PBXBuildFile; fileRef = 62C8D53F814A49C99A7D8A93 /* SourceSansPro-LightItalic.ttf */; };
		F2D2C7B608CE43CEA4AD80C6 /* SourceSansPro-Black.ttf in Resources */ = {isa = PBXBuildFile; fileRef = 598DB15D68CA48F1953F77B3 /* SourceSansPro-Black.ttf */; };
		F8D7557F7EBB4CFE8E310A71 /* OpenSans_Condensed-Italic.ttf in Resources */ = {isa = PBXBuildFile; fileRef = 45CAC72412F94C4983A2EDD8 /* OpenSans_Condensed-Italic.ttf */; };
		FB509BDE35AF4F0EA6B1EABC /* OpenSans_Condensed-Bold.ttf in Resources */ = {isa = PBXBuildFile; fileRef = 58F582B2DDB24FA99B81E994 /* OpenSans_Condensed-Bold.ttf */; };
		FCF2A44E52CC45FF93FA0F2F /* OpenSans-Light.ttf in Resources */ = {isa = PBXBuildFile; fileRef = 58CC8FAF23134A218B225681 /* OpenSans-Light.ttf */; };
/* End PBXBuildFile section */

/* Begin PBXContainerItemProxy section */
		00E356F41AD99517003FC87E /* PBXContainerItemProxy */ = {
			isa = PBXContainerItemProxy;
			containerPortal = 83CBB9F71A601CBA00E9B192 /* Project object */;
			proxyType = 1;
			remoteGlobalIDString = 13B07F861A680F5B00A75B9A;
			remoteInfo = Awesome;
		};
/* End PBXContainerItemProxy section */

/* Begin PBXFileReference section */
		00E356EE1AD99517003FC87E /* AwesomeTests.xctest */ = {isa = PBXFileReference; explicitFileType = wrapper.cfbundle; includeInIndex = 0; path = AwesomeTests.xctest; sourceTree = BUILT_PRODUCTS_DIR; };
		00E356F11AD99517003FC87E /* Info.plist */ = {isa = PBXFileReference; lastKnownFileType = text.plist.xml; path = Info.plist; sourceTree = "<group>"; };
		00E356F21AD99517003FC87E /* AwesomeTests.m */ = {isa = PBXFileReference; lastKnownFileType = sourcecode.c.objc; path = AwesomeTests.m; sourceTree = "<group>"; };
		0A4DC3961F3C4EF895006A01 /* OpenSans_SemiCondensed-BoldItalic.ttf */ = {isa = PBXFileReference; explicitFileType = undefined; fileEncoding = 9; includeInIndex = 0; lastKnownFileType = unknown; name = "OpenSans_SemiCondensed-BoldItalic.ttf"; path = "../src/assets/fonts/OpenSans_SemiCondensed-BoldItalic.ttf"; sourceTree = "<group>"; };
		13244EFE021A4F8BB5F54895 /* OpenSans_SemiCondensed-Bold.ttf */ = {isa = PBXFileReference; explicitFileType = undefined; fileEncoding = 9; includeInIndex = 0; lastKnownFileType = unknown; name = "OpenSans_SemiCondensed-Bold.ttf"; path = "../src/assets/fonts/OpenSans_SemiCondensed-Bold.ttf"; sourceTree = "<group>"; };
		13B07F961A680F5B00A75B9A /* Awesome.app */ = {isa = PBXFileReference; explicitFileType = wrapper.application; includeInIndex = 0; path = Awesome.app; sourceTree = BUILT_PRODUCTS_DIR; };
		13B07FAF1A68108700A75B9A /* AppDelegate.h */ = {isa = PBXFileReference; fileEncoding = 4; lastKnownFileType = sourcecode.c.h; name = AppDelegate.h; path = Awesome/AppDelegate.h; sourceTree = "<group>"; };
		13B07FB01A68108700A75B9A /* AppDelegate.mm */ = {isa = PBXFileReference; fileEncoding = 4; lastKnownFileType = sourcecode.cpp.objcpp; name = AppDelegate.mm; path = Awesome/AppDelegate.mm; sourceTree = "<group>"; };
		13B07FB51A68108700A75B9A /* Images.xcassets */ = {isa = PBXFileReference; lastKnownFileType = folder.assetcatalog; name = Images.xcassets; path = Awesome/Images.xcassets; sourceTree = "<group>"; };
		13B07FB61A68108700A75B9A /* Info.plist */ = {isa = PBXFileReference; fileEncoding = 4; lastKnownFileType = text.plist.xml; name = Info.plist; path = Awesome/Info.plist; sourceTree = "<group>"; };
		13B07FB71A68108700A75B9A /* main.m */ = {isa = PBXFileReference; fileEncoding = 4; lastKnownFileType = sourcecode.c.objc; name = main.m; path = Awesome/main.m; sourceTree = "<group>"; };
		143C5FA695F443F9A8973705 /* OpenSans_Condensed-Light.ttf */ = {isa = PBXFileReference; explicitFileType = undefined; fileEncoding = 9; includeInIndex = 0; lastKnownFileType = unknown; name = "OpenSans_Condensed-Light.ttf"; path = "../src/assets/fonts/OpenSans_Condensed-Light.ttf"; sourceTree = "<group>"; };
		19F6CBCC0A4E27FBF8BF4A61 /* libPods-Awesome-AwesomeTests.a */ = {isa = PBXFileReference; explicitFileType = archive.ar; includeInIndex = 0; path = "libPods-Awesome-AwesomeTests.a"; sourceTree = BUILT_PRODUCTS_DIR; };
		1A34DDFF055442098CE9C92D /* OpenSans_Condensed-BoldItalic.ttf */ = {isa = PBXFileReference; explicitFileType = undefined; fileEncoding = 9; includeInIndex = 0; lastKnownFileType = unknown; name = "OpenSans_Condensed-BoldItalic.ttf"; path = "../src/assets/fonts/OpenSans_Condensed-BoldItalic.ttf"; sourceTree = "<group>"; };
		1B744DC2AB0941FFAFEC79DC /* OpenSans_Condensed-Medium.ttf */ = {isa = PBXFileReference; explicitFileType = undefined; fileEncoding = 9; includeInIndex = 0; lastKnownFileType = unknown; name = "OpenSans_Condensed-Medium.ttf"; path = "../src/assets/fonts/OpenSans_Condensed-Medium.ttf"; sourceTree = "<group>"; };
		1E05691191E14392908464EC /* OpenSans_SemiCondensed-MediumItalic.ttf */ = {isa = PBXFileReference; explicitFileType = undefined; fileEncoding = 9; includeInIndex = 0; lastKnownFileType = unknown; name = "OpenSans_SemiCondensed-MediumItalic.ttf"; path = "../src/assets/fonts/OpenSans_SemiCondensed-MediumItalic.ttf"; sourceTree = "<group>"; };
		275284C761DE4C90B2B84AF4 /* OpenSans_SemiCondensed-ExtraBold.ttf */ = {isa = PBXFileReference; explicitFileType = undefined; fileEncoding = 9; includeInIndex = 0; lastKnownFileType = unknown; name = "OpenSans_SemiCondensed-ExtraBold.ttf"; path = "../src/assets/fonts/OpenSans_SemiCondensed-ExtraBold.ttf"; sourceTree = "<group>"; };
		28F2F18B774140E3A5824F85 /* OpenSans-BoldItalic.ttf */ = {isa = PBXFileReference; explicitFileType = undefined; fileEncoding = 9; includeInIndex = 0; lastKnownFileType = unknown; name = "OpenSans-BoldItalic.ttf"; path = "../src/assets/fonts/OpenSans-BoldItalic.ttf"; sourceTree = "<group>"; };
		3767C3A0229A4FFC8301261C /* OpenSans_Condensed-SemiBoldItalic.ttf */ = {isa = PBXFileReference; explicitFileType = undefined; fileEncoding = 9; includeInIndex = 0; lastKnownFileType = unknown; name = "OpenSans_Condensed-SemiBoldItalic.ttf"; path = "../src/assets/fonts/OpenSans_Condensed-SemiBoldItalic.ttf"; sourceTree = "<group>"; };
		3926D782FA20471A93CC9AD1 /* OpenSans-Italic.ttf */ = {isa = PBXFileReference; explicitFileType = undefined; fileEncoding = 9; includeInIndex = 0; lastKnownFileType = unknown; name = "OpenSans-Italic.ttf"; path = "../src/assets/fonts/OpenSans-Italic.ttf"; sourceTree = "<group>"; };
		3AE8ED638A284FA286F48745 /* OpenSans-MediumItalic.ttf */ = {isa = PBXFileReference; explicitFileType = undefined; fileEncoding = 9; includeInIndex = 0; lastKnownFileType = unknown; name = "OpenSans-MediumItalic.ttf"; path = "../src/assets/fonts/OpenSans-MediumItalic.ttf"; sourceTree = "<group>"; };
		3B4392A12AC88292D35C810B /* Pods-Awesome.debug.xcconfig */ = {isa = PBXFileReference; includeInIndex = 1; lastKnownFileType = text.xcconfig; name = "Pods-Awesome.debug.xcconfig"; path = "Target Support Files/Pods-Awesome/Pods-Awesome.debug.xcconfig"; sourceTree = "<group>"; };
		3D42F697A89E44189365FA09 /* OpenSans-LightItalic.ttf */ = {isa = PBXFileReference; explicitFileType = undefined; fileEncoding = 9; includeInIndex = 0; lastKnownFileType = unknown; name = "OpenSans-LightItalic.ttf"; path = "../src/assets/fonts/OpenSans-LightItalic.ttf"; sourceTree = "<group>"; };
		43B219419EB346AFB985DB2A /* OpenSans_Condensed-Regular.ttf */ = {isa = PBXFileReference; explicitFileType = undefined; fileEncoding = 9; includeInIndex = 0; lastKnownFileType = unknown; name = "OpenSans_Condensed-Regular.ttf"; path = "../src/assets/fonts/OpenSans_Condensed-Regular.ttf"; sourceTree = "<group>"; };
		45CAC72412F94C4983A2EDD8 /* OpenSans_Condensed-Italic.ttf */ = {isa = PBXFileReference; explicitFileType = undefined; fileEncoding = 9; includeInIndex = 0; lastKnownFileType = unknown; name = "OpenSans_Condensed-Italic.ttf"; path = "../src/assets/fonts/OpenSans_Condensed-Italic.ttf"; sourceTree = "<group>"; };
		5709B34CF0A7D63546082F79 /* Pods-Awesome.release.xcconfig */ = {isa = PBXFileReference; includeInIndex = 1; lastKnownFileType = text.xcconfig; name = "Pods-Awesome.release.xcconfig"; path = "Target Support Files/Pods-Awesome/Pods-Awesome.release.xcconfig"; sourceTree = "<group>"; };
		58CC8FAF23134A218B225681 /* OpenSans-Light.ttf */ = {isa = PBXFileReference; explicitFileType = undefined; fileEncoding = 9; includeInIndex = 0; lastKnownFileType = unknown; name = "OpenSans-Light.ttf"; path = "../src/assets/fonts/OpenSans-Light.ttf"; sourceTree = "<group>"; };
		58F582B2DDB24FA99B81E994 /* OpenSans_Condensed-Bold.ttf */ = {isa = PBXFileReference; explicitFileType = undefined; fileEncoding = 9; includeInIndex = 0; lastKnownFileType = unknown; name = "OpenSans_Condensed-Bold.ttf"; path = "../src/assets/fonts/OpenSans_Condensed-Bold.ttf"; sourceTree = "<group>"; };
		598DB15D68CA48F1953F77B3 /* SourceSansPro-Black.ttf */ = {isa = PBXFileReference; explicitFileType = undefined; fileEncoding = 9; includeInIndex = 0; lastKnownFileType = unknown; name = "SourceSansPro-Black.ttf"; path = "../src/assets/fonts/SourceSansPro-Black.ttf"; sourceTree = "<group>"; };
		5B7EB9410499542E8C5724F5 /* Pods-Awesome-AwesomeTests.debug.xcconfig */ = {isa = PBXFileReference; includeInIndex = 1; lastKnownFileType = text.xcconfig; name = "Pods-Awesome-AwesomeTests.debug.xcconfig"; path = "Target Support Files/Pods-Awesome-AwesomeTests/Pods-Awesome-AwesomeTests.debug.xcconfig"; sourceTree = "<group>"; };
		5DAE3B2FECB24229978CEB89 /* OpenSans_SemiCondensed-Italic.ttf */ = {isa = PBXFileReference; explicitFileType = undefined; fileEncoding = 9; includeInIndex = 0; lastKnownFileType = unknown; name = "OpenSans_SemiCondensed-Italic.ttf"; path = "../src/assets/fonts/OpenSans_SemiCondensed-Italic.ttf"; sourceTree = "<group>"; };
		5DCACB8F33CDC322A6C60F78 /* libPods-Awesome.a */ = {isa = PBXFileReference; explicitFileType = archive.ar; includeInIndex = 0; path = "libPods-Awesome.a"; sourceTree = BUILT_PRODUCTS_DIR; };
		5DEB7946AAF7464695534847 /* OpenSans-Bold.ttf */ = {isa = PBXFileReference; explicitFileType = undefined; fileEncoding = 9; includeInIndex = 0; lastKnownFileType = unknown; name = "OpenSans-Bold.ttf"; path = "../src/assets/fonts/OpenSans-Bold.ttf"; sourceTree = "<group>"; };
		5E1895D3EE53470BA9885747 /* OpenSans-ExtraBold.ttf */ = {isa = PBXFileReference; explicitFileType = undefined; fileEncoding = 9; includeInIndex = 0; lastKnownFileType = unknown; name = "OpenSans-ExtraBold.ttf"; path = "../src/assets/fonts/OpenSans-ExtraBold.ttf"; sourceTree = "<group>"; };
		62C8D53F814A49C99A7D8A93 /* SourceSansPro-LightItalic.ttf */ = {isa = PBXFileReference; explicitFileType = undefined; fileEncoding = 9; includeInIndex = 0; lastKnownFileType = unknown; name = "SourceSansPro-LightItalic.ttf"; path = "../src/assets/fonts/SourceSansPro-LightItalic.ttf"; sourceTree = "<group>"; };
		6DB786F97F5E46EEAC49FD43 /* OpenSans_SemiCondensed-Medium.ttf */ = {isa = PBXFileReference; explicitFileType = undefined; fileEncoding = 9; includeInIndex = 0; lastKnownFileType = unknown; name = "OpenSans_SemiCondensed-Medium.ttf"; path = "../src/assets/fonts/OpenSans_SemiCondensed-Medium.ttf"; sourceTree = "<group>"; };
		768F039304594B37964E0D04 /* SourceSansPro-SemiBoldItalic.ttf */ = {isa = PBXFileReference; explicitFileType = undefined; fileEncoding = 9; includeInIndex = 0; lastKnownFileType = unknown; name = "SourceSansPro-SemiBoldItalic.ttf"; path = "../src/assets/fonts/SourceSansPro-SemiBoldItalic.ttf"; sourceTree = "<group>"; };
		853B34B56C3042FFB43DA82D /* SourceSansPro-Bold.ttf */ = {isa = PBXFileReference; explicitFileType = undefined; fileEncoding = 9; includeInIndex = 0; lastKnownFileType = unknown; name = "SourceSansPro-Bold.ttf"; path = "../src/assets/fonts/SourceSansPro-Bold.ttf"; sourceTree = "<group>"; };
		867DDB4D28A92B7700A4064A /* LaunchScreen.storyboard */ = {isa = PBXFileReference; fileEncoding = 4; lastKnownFileType = file.storyboard; name = LaunchScreen.storyboard; path = Awesome/LaunchScreen.storyboard; sourceTree = "<group>"; };
		8939CD34DC18496E8894C884 /* OpenSans_SemiCondensed-SemiBold.ttf */ = {isa = PBXFileReference; explicitFileType = undefined; fileEncoding = 9; includeInIndex = 0; lastKnownFileType = unknown; name = "OpenSans_SemiCondensed-SemiBold.ttf"; path = "../src/assets/fonts/OpenSans_SemiCondensed-SemiBold.ttf"; sourceTree = "<group>"; };
		89C6BE57DB24E9ADA2F236DE /* Pods-Awesome-AwesomeTests.release.xcconfig */ = {isa = PBXFileReference; includeInIndex = 1; lastKnownFileType = text.xcconfig; name = "Pods-Awesome-AwesomeTests.release.xcconfig"; path = "Target Support Files/Pods-Awesome-AwesomeTests/Pods-Awesome-AwesomeTests.release.xcconfig"; sourceTree = "<group>"; };
		8BBC621633B541B185BD513C /* SourceSansPro-Regular.ttf */ = {isa = PBXFileReference; explicitFileType = undefined; fileEncoding = 9; includeInIndex = 0; lastKnownFileType = unknown; name = "SourceSansPro-Regular.ttf"; path = "../src/assets/fonts/SourceSansPro-Regular.ttf"; sourceTree = "<group>"; };
		8FD0681564FE4421A7963810 /* OpenSans-ExtraBoldItalic.ttf */ = {isa = PBXFileReference; explicitFileType = undefined; fileEncoding = 9; includeInIndex = 0; lastKnownFileType = unknown; name = "OpenSans-ExtraBoldItalic.ttf"; path = "../src/assets/fonts/OpenSans-ExtraBoldItalic.ttf"; sourceTree = "<group>"; };
		94271A658B2D443F8611CE15 /* OpenSans-Regular.ttf */ = {isa = PBXFileReference; explicitFileType = undefined; fileEncoding = 9; includeInIndex = 0; lastKnownFileType = unknown; name = "OpenSans-Regular.ttf"; path = "../src/assets/fonts/OpenSans-Regular.ttf"; sourceTree = "<group>"; };
		95123CB2409D4364B6989729 /* OpenSans_Condensed-SemiBold.ttf */ = {isa = PBXFileReference; explicitFileType = undefined; fileEncoding = 9; includeInIndex = 0; lastKnownFileType = unknown; name = "OpenSans_Condensed-SemiBold.ttf"; path = "../src/assets/fonts/OpenSans_Condensed-SemiBold.ttf"; sourceTree = "<group>"; };
		98984A552FD54737B42B19FF /* SourceSansPro-Light.ttf */ = {isa = PBXFileReference; explicitFileType = undefined; fileEncoding = 9; includeInIndex = 0; lastKnownFileType = unknown; name = "SourceSansPro-Light.ttf"; path = "../src/assets/fonts/SourceSansPro-Light.ttf"; sourceTree = "<group>"; };
		A370F7A07BE14CEABEEFBFE6 /* OpenSans_Condensed-MediumItalic.ttf */ = {isa = PBXFileReference; explicitFileType = undefined; fileEncoding = 9; includeInIndex = 0; lastKnownFileType = unknown; name = "OpenSans_Condensed-MediumItalic.ttf"; path = "../src/assets/fonts/OpenSans_Condensed-MediumItalic.ttf"; sourceTree = "<group>"; };
		A984FD1EF7B44EB3AF51126F /* SourceSansPro-ExtraLightItalic.ttf */ = {isa = PBXFileReference; explicitFileType = undefined; fileEncoding = 9; includeInIndex = 0; lastKnownFileType = unknown; name = "SourceSansPro-ExtraLightItalic.ttf"; path = "../src/assets/fonts/SourceSansPro-ExtraLightItalic.ttf"; sourceTree = "<group>"; };
		AEDE32973ABD4E439DEC5955 /* OpenSans-SemiBoldItalic.ttf */ = {isa = PBXFileReference; explicitFileType = undefined; fileEncoding = 9; includeInIndex = 0; lastKnownFileType = unknown; name = "OpenSans-SemiBoldItalic.ttf"; path = "../src/assets/fonts/OpenSans-SemiBoldItalic.ttf"; sourceTree = "<group>"; };
		B28C3B1F6C0B4B1EAA9CF58D /* OpenSans_SemiCondensed-SemiBoldItalic.ttf */ = {isa = PBXFileReference; explicitFileType = undefined; fileEncoding = 9; includeInIndex = 0; lastKnownFileType = unknown; name = "OpenSans_SemiCondensed-SemiBoldItalic.ttf"; path = "../src/assets/fonts/OpenSans_SemiCondensed-SemiBoldItalic.ttf"; sourceTree = "<group>"; };
		B5A2BFC255A6422DACBD7E93 /* OpenSans-Medium.ttf */ = {isa = PBXFileReference; explicitFileType = undefined; fileEncoding = 9; includeInIndex = 0; lastKnownFileType = unknown; name = "OpenSans-Medium.ttf"; path = "../src/assets/fonts/OpenSans-Medium.ttf"; sourceTree = "<group>"; };
		B94575ACB2CB48AEA3F5A8D0 /* OpenSans_SemiCondensed-ExtraBoldItalic.ttf */ = {isa = PBXFileReference; explicitFileType = undefined; fileEncoding = 9; includeInIndex = 0; lastKnownFileType = unknown; name = "OpenSans_SemiCondensed-ExtraBoldItalic.ttf"; path = "../src/assets/fonts/OpenSans_SemiCondensed-ExtraBoldItalic.ttf"; sourceTree = "<group>"; };
		BCD3724901DC4CD084F315EA /* SourceSansPro-ExtraLight.ttf */ = {isa = PBXFileReference; explicitFileType = undefined; fileEncoding = 9; includeInIndex = 0; lastKnownFileType = unknown; name = "SourceSansPro-ExtraLight.ttf"; path = "../src/assets/fonts/SourceSansPro-ExtraLight.ttf"; sourceTree = "<group>"; };
		D6B2EBEEA9DA47A29CA1442C /* OpenSans_SemiCondensed-LightItalic.ttf */ = {isa = PBXFileReference; explicitFileType = undefined; fileEncoding = 9; includeInIndex = 0; lastKnownFileType = unknown; name = "OpenSans_SemiCondensed-LightItalic.ttf"; path = "../src/assets/fonts/OpenSans_SemiCondensed-LightItalic.ttf"; sourceTree = "<group>"; };
		DFCE6BA7F83C4F9E817FFBD3 /* OpenSans-SemiBold.ttf */ = {isa = PBXFileReference; explicitFileType = undefined; fileEncoding = 9; includeInIndex = 0; lastKnownFileType = unknown; name = "OpenSans-SemiBold.ttf"; path = "../src/assets/fonts/OpenSans-SemiBold.ttf"; sourceTree = "<group>"; };
		E42451D78EDE4068BCF8326A /* SourceSansPro-BoldItalic.ttf */ = {isa = PBXFileReference; explicitFileType = undefined; fileEncoding = 9; includeInIndex = 0; lastKnownFileType = unknown; name = "SourceSansPro-BoldItalic.ttf"; path = "../src/assets/fonts/SourceSansPro-BoldItalic.ttf"; sourceTree = "<group>"; };
		ED297162215061F000B7C4FE /* JavaScriptCore.framework */ = {isa = PBXFileReference; lastKnownFileType = wrapper.framework; name = JavaScriptCore.framework; path = System/Library/Frameworks/JavaScriptCore.framework; sourceTree = SDKROOT; };
		F066BEC67BB94CD38D723826 /* SourceSansPro-BlackItalic.ttf */ = {isa = PBXFileReference; explicitFileType = undefined; fileEncoding = 9; includeInIndex = 0; lastKnownFileType = unknown; name = "SourceSansPro-BlackItalic.ttf"; path = "../src/assets/fonts/SourceSansPro-BlackItalic.ttf"; sourceTree = "<group>"; };
		F0A9C3F157AE434A947D338F /* OpenSans_Condensed-ExtraBoldItalic.ttf */ = {isa = PBXFileReference; explicitFileType = undefined; fileEncoding = 9; includeInIndex = 0; lastKnownFileType = unknown; name = "OpenSans_Condensed-ExtraBoldItalic.ttf"; path = "../src/assets/fonts/OpenSans_Condensed-ExtraBoldItalic.ttf"; sourceTree = "<group>"; };
		F3F893CF9E2645DD9DA4B73E /* OpenSans_Condensed-LightItalic.ttf */ = {isa = PBXFileReference; explicitFileType = undefined; fileEncoding = 9; includeInIndex = 0; lastKnownFileType = unknown; name = "OpenSans_Condensed-LightItalic.ttf"; path = "../src/assets/fonts/OpenSans_Condensed-LightItalic.ttf"; sourceTree = "<group>"; };
		F48B9B6716AB43F5AF84179E /* SourceSansPro-Italic.ttf */ = {isa = PBXFileReference; explicitFileType = undefined; fileEncoding = 9; includeInIndex = 0; lastKnownFileType = unknown; name = "SourceSansPro-Italic.ttf"; path = "../src/assets/fonts/SourceSansPro-Italic.ttf"; sourceTree = "<group>"; };
		F5447DC7227348889DD8C54D /* OpenSans_Condensed-ExtraBold.ttf */ = {isa = PBXFileReference; explicitFileType = undefined; fileEncoding = 9; includeInIndex = 0; lastKnownFileType = unknown; name = "OpenSans_Condensed-ExtraBold.ttf"; path = "../src/assets/fonts/OpenSans_Condensed-ExtraBold.ttf"; sourceTree = "<group>"; };
		F61FD0BB43F74941AD276CD1 /* SourceSansPro-SemiBold.ttf */ = {isa = PBXFileReference; explicitFileType = undefined; fileEncoding = 9; includeInIndex = 0; lastKnownFileType = unknown; name = "SourceSansPro-SemiBold.ttf"; path = "../src/assets/fonts/SourceSansPro-SemiBold.ttf"; sourceTree = "<group>"; };
		FAC995CD0C0E4E628E462142 /* OpenSans_SemiCondensed-Regular.ttf */ = {isa = PBXFileReference; explicitFileType = undefined; fileEncoding = 9; includeInIndex = 0; lastKnownFileType = unknown; name = "OpenSans_SemiCondensed-Regular.ttf"; path = "../src/assets/fonts/OpenSans_SemiCondensed-Regular.ttf"; sourceTree = "<group>"; };
		FEB44379B58F45D980B94CD5 /* OpenSans_SemiCondensed-Light.ttf */ = {isa = PBXFileReference; explicitFileType = undefined; fileEncoding = 9; includeInIndex = 0; lastKnownFileType = unknown; name = "OpenSans_SemiCondensed-Light.ttf"; path = "../src/assets/fonts/OpenSans_SemiCondensed-Light.ttf"; sourceTree = "<group>"; };
/* End PBXFileReference section */

/* Begin PBXFrameworksBuildPhase section */
		00E356EB1AD99517003FC87E /* Frameworks */ = {
			isa = PBXFrameworksBuildPhase;
			buildActionMask = 2147483647;
			files = (
				7699B88040F8A987B510C191 /* libPods-Awesome-AwesomeTests.a in Frameworks */,
			);
			runOnlyForDeploymentPostprocessing = 0;
		};
		13B07F8C1A680F5B00A75B9A /* Frameworks */ = {
			isa = PBXFrameworksBuildPhase;
			buildActionMask = 2147483647;
			files = (
				0C80B921A6F3F58F76C31292 /* libPods-Awesome.a in Frameworks */,
			);
			runOnlyForDeploymentPostprocessing = 0;
		};
/* End PBXFrameworksBuildPhase section */

/* Begin PBXGroup section */
		00E356EF1AD99517003FC87E /* AwesomeTests */ = {
			isa = PBXGroup;
			children = (
				00E356F21AD99517003FC87E /* AwesomeTests.m */,
				00E356F01AD99517003FC87E /* Supporting Files */,
			);
			path = AwesomeTests;
			sourceTree = "<group>";
		};
		00E356F01AD99517003FC87E /* Supporting Files */ = {
			isa = PBXGroup;
			children = (
				00E356F11AD99517003FC87E /* Info.plist */,
			);
			name = "Supporting Files";
			sourceTree = "<group>";
		};
		13B07FAE1A68108700A75B9A /* Awesome */ = {
			isa = PBXGroup;
			children = (
				13B07FAF1A68108700A75B9A /* AppDelegate.h */,
				13B07FB01A68108700A75B9A /* AppDelegate.mm */,
				13B07FB51A68108700A75B9A /* Images.xcassets */,
				13B07FB61A68108700A75B9A /* Info.plist */,
				867DDB4D28A92B7700A4064A /* LaunchScreen.storyboard */,
				13B07FB71A68108700A75B9A /* main.m */,
			);
			name = Awesome;
			sourceTree = "<group>";
		};
		2D16E6871FA4F8E400B85C8A /* Frameworks */ = {
			isa = PBXGroup;
			children = (
				ED297162215061F000B7C4FE /* JavaScriptCore.framework */,
				5DCACB8F33CDC322A6C60F78 /* libPods-Awesome.a */,
				19F6CBCC0A4E27FBF8BF4A61 /* libPods-Awesome-AwesomeTests.a */,
			);
			name = Frameworks;
			sourceTree = "<group>";
		};
		832341AE1AAA6A7D00B99B32 /* Libraries */ = {
			isa = PBXGroup;
			children = (
			);
			name = Libraries;
			sourceTree = "<group>";
		};
		83CBB9F61A601CBA00E9B192 = {
			isa = PBXGroup;
			children = (
				13B07FAE1A68108700A75B9A /* Awesome */,
				832341AE1AAA6A7D00B99B32 /* Libraries */,
				00E356EF1AD99517003FC87E /* AwesomeTests */,
				83CBBA001A601CBA00E9B192 /* Products */,
				2D16E6871FA4F8E400B85C8A /* Frameworks */,
				BBD78D7AC51CEA395F1C20DB /* Pods */,
				FB74E0DB091A479798748D0B /* Resources */,
			);
			indentWidth = 2;
			sourceTree = "<group>";
			tabWidth = 2;
			usesTabs = 0;
		};
		83CBBA001A601CBA00E9B192 /* Products */ = {
			isa = PBXGroup;
			children = (
				13B07F961A680F5B00A75B9A /* Awesome.app */,
				00E356EE1AD99517003FC87E /* AwesomeTests.xctest */,
			);
			name = Products;
			sourceTree = "<group>";
		};
		BBD78D7AC51CEA395F1C20DB /* Pods */ = {
			isa = PBXGroup;
			children = (
				3B4392A12AC88292D35C810B /* Pods-Awesome.debug.xcconfig */,
				5709B34CF0A7D63546082F79 /* Pods-Awesome.release.xcconfig */,
				5B7EB9410499542E8C5724F5 /* Pods-Awesome-AwesomeTests.debug.xcconfig */,
				89C6BE57DB24E9ADA2F236DE /* Pods-Awesome-AwesomeTests.release.xcconfig */,
			);
			path = Pods;
			sourceTree = "<group>";
		};
		FB74E0DB091A479798748D0B /* Resources */ = {
			isa = PBXGroup;
			children = (
				5DEB7946AAF7464695534847 /* OpenSans-Bold.ttf */,
				28F2F18B774140E3A5824F85 /* OpenSans-BoldItalic.ttf */,
				5E1895D3EE53470BA9885747 /* OpenSans-ExtraBold.ttf */,
				8FD0681564FE4421A7963810 /* OpenSans-ExtraBoldItalic.ttf */,
				3926D782FA20471A93CC9AD1 /* OpenSans-Italic.ttf */,
				58CC8FAF23134A218B225681 /* OpenSans-Light.ttf */,
				3D42F697A89E44189365FA09 /* OpenSans-LightItalic.ttf */,
				B5A2BFC255A6422DACBD7E93 /* OpenSans-Medium.ttf */,
				3AE8ED638A284FA286F48745 /* OpenSans-MediumItalic.ttf */,
				94271A658B2D443F8611CE15 /* OpenSans-Regular.ttf */,
				DFCE6BA7F83C4F9E817FFBD3 /* OpenSans-SemiBold.ttf */,
				AEDE32973ABD4E439DEC5955 /* OpenSans-SemiBoldItalic.ttf */,
				58F582B2DDB24FA99B81E994 /* OpenSans_Condensed-Bold.ttf */,
				1A34DDFF055442098CE9C92D /* OpenSans_Condensed-BoldItalic.ttf */,
				F5447DC7227348889DD8C54D /* OpenSans_Condensed-ExtraBold.ttf */,
				F0A9C3F157AE434A947D338F /* OpenSans_Condensed-ExtraBoldItalic.ttf */,
				45CAC72412F94C4983A2EDD8 /* OpenSans_Condensed-Italic.ttf */,
				143C5FA695F443F9A8973705 /* OpenSans_Condensed-Light.ttf */,
				F3F893CF9E2645DD9DA4B73E /* OpenSans_Condensed-LightItalic.ttf */,
				1B744DC2AB0941FFAFEC79DC /* OpenSans_Condensed-Medium.ttf */,
				A370F7A07BE14CEABEEFBFE6 /* OpenSans_Condensed-MediumItalic.ttf */,
				43B219419EB346AFB985DB2A /* OpenSans_Condensed-Regular.ttf */,
				95123CB2409D4364B6989729 /* OpenSans_Condensed-SemiBold.ttf */,
				3767C3A0229A4FFC8301261C /* OpenSans_Condensed-SemiBoldItalic.ttf */,
				13244EFE021A4F8BB5F54895 /* OpenSans_SemiCondensed-Bold.ttf */,
				0A4DC3961F3C4EF895006A01 /* OpenSans_SemiCondensed-BoldItalic.ttf */,
				275284C761DE4C90B2B84AF4 /* OpenSans_SemiCondensed-ExtraBold.ttf */,
				B94575ACB2CB48AEA3F5A8D0 /* OpenSans_SemiCondensed-ExtraBoldItalic.ttf */,
				5DAE3B2FECB24229978CEB89 /* OpenSans_SemiCondensed-Italic.ttf */,
				FEB44379B58F45D980B94CD5 /* OpenSans_SemiCondensed-Light.ttf */,
				D6B2EBEEA9DA47A29CA1442C /* OpenSans_SemiCondensed-LightItalic.ttf */,
				6DB786F97F5E46EEAC49FD43 /* OpenSans_SemiCondensed-Medium.ttf */,
				1E05691191E14392908464EC /* OpenSans_SemiCondensed-MediumItalic.ttf */,
				FAC995CD0C0E4E628E462142 /* OpenSans_SemiCondensed-Regular.ttf */,
				8939CD34DC18496E8894C884 /* OpenSans_SemiCondensed-SemiBold.ttf */,
				B28C3B1F6C0B4B1EAA9CF58D /* OpenSans_SemiCondensed-SemiBoldItalic.ttf */,
				598DB15D68CA48F1953F77B3 /* SourceSansPro-Black.ttf */,
				F066BEC67BB94CD38D723826 /* SourceSansPro-BlackItalic.ttf */,
				853B34B56C3042FFB43DA82D /* SourceSansPro-Bold.ttf */,
				E42451D78EDE4068BCF8326A /* SourceSansPro-BoldItalic.ttf */,
				BCD3724901DC4CD084F315EA /* SourceSansPro-ExtraLight.ttf */,
				A984FD1EF7B44EB3AF51126F /* SourceSansPro-ExtraLightItalic.ttf */,
				F48B9B6716AB43F5AF84179E /* SourceSansPro-Italic.ttf */,
				98984A552FD54737B42B19FF /* SourceSansPro-Light.ttf */,
				62C8D53F814A49C99A7D8A93 /* SourceSansPro-LightItalic.ttf */,
				8BBC621633B541B185BD513C /* SourceSansPro-Regular.ttf */,
				F61FD0BB43F74941AD276CD1 /* SourceSansPro-SemiBold.ttf */,
				768F039304594B37964E0D04 /* SourceSansPro-SemiBoldItalic.ttf */,
			);
			name = Resources;
			sourceTree = "<group>";
		};
/* End PBXGroup section */

/* Begin PBXNativeTarget section */
		00E356ED1AD99517003FC87E /* AwesomeTests */ = {
			isa = PBXNativeTarget;
			buildConfigurationList = 00E357021AD99517003FC87E /* Build configuration list for PBXNativeTarget "AwesomeTests" */;
			buildPhases = (
				A55EABD7B0C7F3A422A6CC61 /* [CP] Check Pods Manifest.lock */,
				00E356EA1AD99517003FC87E /* Sources */,
				00E356EB1AD99517003FC87E /* Frameworks */,
				00E356EC1AD99517003FC87E /* Resources */,
				C59DA0FBD6956966B86A3779 /* [CP] Embed Pods Frameworks */,
				F6A41C54EA430FDDC6A6ED99 /* [CP] Copy Pods Resources */,
			);
			buildRules = (
			);
			dependencies = (
				00E356F51AD99517003FC87E /* PBXTargetDependency */,
			);
			name = AwesomeTests;
			productName = AwesomeTests;
			productReference = 00E356EE1AD99517003FC87E /* AwesomeTests.xctest */;
			productType = "com.apple.product-type.bundle.unit-test";
		};
		13B07F861A680F5B00A75B9A /* Awesome */ = {
			isa = PBXNativeTarget;
			buildConfigurationList = 13B07F931A680F5B00A75B9A /* Build configuration list for PBXNativeTarget "Awesome" */;
			buildPhases = (
				C38B50BA6285516D6DCD4F65 /* [CP] Check Pods Manifest.lock */,
				FD10A7F022414F080027D42C /* Start Packager */,
				13B07F871A680F5B00A75B9A /* Sources */,
				13B07F8C1A680F5B00A75B9A /* Frameworks */,
				13B07F8E1A680F5B00A75B9A /* Resources */,
				00DD1BFF1BD5951E006B06BC /* Bundle React Native code and images */,
				00EEFC60759A1932668264C0 /* [CP] Embed Pods Frameworks */,
				E235C05ADACE081382539298 /* [CP] Copy Pods Resources */,
			);
			buildRules = (
			);
			dependencies = (
			);
			name = Awesome;
			productName = Awesome;
			productReference = 13B07F961A680F5B00A75B9A /* Awesome.app */;
			productType = "com.apple.product-type.application";
		};
/* End PBXNativeTarget section */

/* Begin PBXProject section */
		83CBB9F71A601CBA00E9B192 /* Project object */ = {
			isa = PBXProject;
			attributes = {
				LastUpgradeCheck = 1340;
				TargetAttributes = {
					00E356ED1AD99517003FC87E = {
						CreatedOnToolsVersion = 6.2;
						TestTargetID = 13B07F861A680F5B00A75B9A;
					};
					13B07F861A680F5B00A75B9A = {
						LastSwiftMigration = 1120;
					};
				};
			};
			buildConfigurationList = 83CBB9FA1A601CBA00E9B192 /* Build configuration list for PBXProject "Awesome" */;
			compatibilityVersion = "Xcode 12.0";
			developmentRegion = en;
			hasScannedForEncodings = 0;
			knownRegions = (
				en,
				Base,
			);
			mainGroup = 83CBB9F61A601CBA00E9B192;
			productRefGroup = 83CBBA001A601CBA00E9B192 /* Products */;
			projectDirPath = "";
			projectRoot = "";
			targets = (
				13B07F861A680F5B00A75B9A /* Awesome */,
				00E356ED1AD99517003FC87E /* AwesomeTests */,
			);
		};
/* End PBXProject section */

/* Begin PBXResourcesBuildPhase section */
		00E356EC1AD99517003FC87E /* Resources */ = {
			isa = PBXResourcesBuildPhase;
			buildActionMask = 2147483647;
			files = (
			);
			runOnlyForDeploymentPostprocessing = 0;
		};
		13B07F8E1A680F5B00A75B9A /* Resources */ = {
			isa = PBXResourcesBuildPhase;
			buildActionMask = 2147483647;
			files = (
				13B07FBF1A68108700A75B9A /* Images.xcassets in Resources */,
				35C4E14B68D44C66B661DAA2 /* OpenSans-Bold.ttf in Resources */,
				253CC85BB3F54EFE8AF95D8E /* OpenSans-BoldItalic.ttf in Resources */,
				915B43C111CA44C5A40C9B24 /* OpenSans-ExtraBold.ttf in Resources */,
				A153FDFF0EB144CD9E850B03 /* OpenSans-ExtraBoldItalic.ttf in Resources */,
				BD8B8B84BD6E4A6F8BB66AD4 /* OpenSans-Italic.ttf in Resources */,
				FCF2A44E52CC45FF93FA0F2F /* OpenSans-Light.ttf in Resources */,
				44101BECD3F247DB9DC24CC2 /* OpenSans-LightItalic.ttf in Resources */,
				D5027AE3688B4E26AB97831F /* OpenSans-Medium.ttf in Resources */,
				A0427728B03344799EA37B1E /* OpenSans-MediumItalic.ttf in Resources */,
				51D9970516CA4FF283ADAC07 /* OpenSans-Regular.ttf in Resources */,
				873AA5AE72354DA9B02CED5C /* OpenSans-SemiBold.ttf in Resources */,
				76CE8036B6454B68ABB491A5 /* OpenSans-SemiBoldItalic.ttf in Resources */,
				FB509BDE35AF4F0EA6B1EABC /* OpenSans_Condensed-Bold.ttf in Resources */,
				A5623E4CC8A04D4093341809 /* OpenSans_Condensed-BoldItalic.ttf in Resources */,
				73530B53F0934DB490A52C66 /* OpenSans_Condensed-ExtraBold.ttf in Resources */,
				9C94B21C22CF48F7B961A962 /* OpenSans_Condensed-ExtraBoldItalic.ttf in Resources */,
				F8D7557F7EBB4CFE8E310A71 /* OpenSans_Condensed-Italic.ttf in Resources */,
				EE882CEF55A044509CEDF08C /* OpenSans_Condensed-Light.ttf in Resources */,
				E8F97E3735604091B0039271 /* OpenSans_Condensed-LightItalic.ttf in Resources */,
				99A939916BAF4B1489D11660 /* OpenSans_Condensed-Medium.ttf in Resources */,
				97B465D5F71C4BBEA1999CB2 /* OpenSans_Condensed-MediumItalic.ttf in Resources */,
				2D9BA4AA77EF4741827C134C /* OpenSans_Condensed-Regular.ttf in Resources */,
				49F2585B6D9244AAB52E46E6 /* OpenSans_Condensed-SemiBold.ttf in Resources */,
				6292F32157894481A9B7B19B /* OpenSans_Condensed-SemiBoldItalic.ttf in Resources */,
				EDCF9BABD1C94083BB4BEFE3 /* OpenSans_SemiCondensed-Bold.ttf in Resources */,
				78CAC54CCBF24A5F92EF29CE /* OpenSans_SemiCondensed-BoldItalic.ttf in Resources */,
				5A7236CAA403429397EE1B1E /* OpenSans_SemiCondensed-ExtraBold.ttf in Resources */,
				083145FBC97F408A90422EC8 /* OpenSans_SemiCondensed-ExtraBoldItalic.ttf in Resources */,
				6710160A1F4C4E4597C93E67 /* OpenSans_SemiCondensed-Italic.ttf in Resources */,
				0A63D405E256460E8C7862D2 /* OpenSans_SemiCondensed-Light.ttf in Resources */,
				9E8C33204BDC46B7A5EB8654 /* OpenSans_SemiCondensed-LightItalic.ttf in Resources */,
				89D00F8280754409B96A32B5 /* OpenSans_SemiCondensed-Medium.ttf in Resources */,
				867DDB4E28A92B7700A4064A /* LaunchScreen.storyboard in Resources */,
				3E2BF11AA61245D4945EAE58 /* OpenSans_SemiCondensed-MediumItalic.ttf in Resources */,
				B7314B2C73BC4481A05EAFC2 /* OpenSans_SemiCondensed-Regular.ttf in Resources */,
				7EE2B7A8764E473FAC65E361 /* OpenSans_SemiCondensed-SemiBold.ttf in Resources */,
				89B4DF276BD4487A96B28505 /* OpenSans_SemiCondensed-SemiBoldItalic.ttf in Resources */,
				F2D2C7B608CE43CEA4AD80C6 /* SourceSansPro-Black.ttf in Resources */,
				72F66CC34561483888A78098 /* SourceSansPro-BlackItalic.ttf in Resources */,
				3D2344F5F8414C67B4B2332E /* SourceSansPro-Bold.ttf in Resources */,
				6679EF9395A5445BA3B8254D /* SourceSansPro-BoldItalic.ttf in Resources */,
				BEA1A60B7948454498B77AED /* SourceSansPro-ExtraLight.ttf in Resources */,
				A8CB2BAC831041E4B67B9482 /* SourceSansPro-ExtraLightItalic.ttf in Resources */,
				22F3799BA82F4C0987148A2D /* SourceSansPro-Italic.ttf in Resources */,
				5C180784979F487FBA8E98D5 /* SourceSansPro-Light.ttf in Resources */,
				F22F99EC4D3E4B27B030B470 /* SourceSansPro-LightItalic.ttf in Resources */,
				0EAC4F5A01604D14A51848CB /* SourceSansPro-Regular.ttf in Resources */,
				611EA56FFD0648B6BB061439 /* SourceSansPro-SemiBold.ttf in Resources */,
				95560CE352144603B1DAEAD2 /* SourceSansPro-SemiBoldItalic.ttf in Resources */,
			);
			runOnlyForDeploymentPostprocessing = 0;
		};
/* End PBXResourcesBuildPhase section */

/* Begin PBXShellScriptBuildPhase section */
		00DD1BFF1BD5951E006B06BC /* Bundle React Native code and images */ = {
			isa = PBXShellScriptBuildPhase;
			buildActionMask = 2147483647;
			files = (
			);
			inputPaths = (
				"$(SRCROOT)/.xcode.env.local",
				"$(SRCROOT)/.xcode.env",
			);
			name = "Bundle React Native code and images";
			outputPaths = (
			);
			runOnlyForDeploymentPostprocessing = 0;
			shellPath = /bin/sh;
			shellScript = "set -e\n\nWITH_ENVIRONMENT=\"../node_modules/react-native/scripts/xcode/with-environment.sh\"\nREACT_NATIVE_XCODE=\"../node_modules/react-native/scripts/react-native-xcode.sh\"\n\n/bin/sh -c \"$WITH_ENVIRONMENT $REACT_NATIVE_XCODE\"\n";
		};
		00EEFC60759A1932668264C0 /* [CP] Embed Pods Frameworks */ = {
			isa = PBXShellScriptBuildPhase;
			buildActionMask = 2147483647;
			files = (
			);
			inputFileListPaths = (
				"${PODS_ROOT}/Target Support Files/Pods-Awesome/Pods-Awesome-frameworks-${CONFIGURATION}-input-files.xcfilelist",
			);
			name = "[CP] Embed Pods Frameworks";
			outputFileListPaths = (
				"${PODS_ROOT}/Target Support Files/Pods-Awesome/Pods-Awesome-frameworks-${CONFIGURATION}-output-files.xcfilelist",
			);
			runOnlyForDeploymentPostprocessing = 0;
			shellPath = /bin/sh;
			shellScript = "\"${PODS_ROOT}/Target Support Files/Pods-Awesome/Pods-Awesome-frameworks.sh\"\n";
			showEnvVarsInLog = 0;
		};
		A55EABD7B0C7F3A422A6CC61 /* [CP] Check Pods Manifest.lock */ = {
			isa = PBXShellScriptBuildPhase;
			buildActionMask = 2147483647;
			files = (
			);
			inputFileListPaths = (
			);
			inputPaths = (
				"${PODS_PODFILE_DIR_PATH}/Podfile.lock",
				"${PODS_ROOT}/Manifest.lock",
			);
			name = "[CP] Check Pods Manifest.lock";
			outputFileListPaths = (
			);
			outputPaths = (
				"$(DERIVED_FILE_DIR)/Pods-Awesome-AwesomeTests-checkManifestLockResult.txt",
			);
			runOnlyForDeploymentPostprocessing = 0;
			shellPath = /bin/sh;
			shellScript = "diff \"${PODS_PODFILE_DIR_PATH}/Podfile.lock\" \"${PODS_ROOT}/Manifest.lock\" > /dev/null\nif [ $? != 0 ] ; then\n    # print error to STDERR\n    echo \"error: The sandbox is not in sync with the Podfile.lock. Run 'pod install' or update your CocoaPods installation.\" >&2\n    exit 1\nfi\n# This output is used by Xcode 'outputs' to avoid re-running this script phase.\necho \"SUCCESS\" > \"${SCRIPT_OUTPUT_FILE_0}\"\n";
			showEnvVarsInLog = 0;
		};
		C38B50BA6285516D6DCD4F65 /* [CP] Check Pods Manifest.lock */ = {
			isa = PBXShellScriptBuildPhase;
			buildActionMask = 2147483647;
			files = (
			);
			inputFileListPaths = (
			);
			inputPaths = (
				"${PODS_PODFILE_DIR_PATH}/Podfile.lock",
				"${PODS_ROOT}/Manifest.lock",
			);
			name = "[CP] Check Pods Manifest.lock";
			outputFileListPaths = (
			);
			outputPaths = (
				"$(DERIVED_FILE_DIR)/Pods-Awesome-checkManifestLockResult.txt",
			);
			runOnlyForDeploymentPostprocessing = 0;
			shellPath = /bin/sh;
			shellScript = "diff \"${PODS_PODFILE_DIR_PATH}/Podfile.lock\" \"${PODS_ROOT}/Manifest.lock\" > /dev/null\nif [ $? != 0 ] ; then\n    # print error to STDERR\n    echo \"error: The sandbox is not in sync with the Podfile.lock. Run 'pod install' or update your CocoaPods installation.\" >&2\n    exit 1\nfi\n# This output is used by Xcode 'outputs' to avoid re-running this script phase.\necho \"SUCCESS\" > \"${SCRIPT_OUTPUT_FILE_0}\"\n";
			showEnvVarsInLog = 0;
		};
		C59DA0FBD6956966B86A3779 /* [CP] Embed Pods Frameworks */ = {
			isa = PBXShellScriptBuildPhase;
			buildActionMask = 2147483647;
			files = (
			);
			inputFileListPaths = (
				"${PODS_ROOT}/Target Support Files/Pods-Awesome-AwesomeTests/Pods-Awesome-AwesomeTests-frameworks-${CONFIGURATION}-input-files.xcfilelist",
			);
			name = "[CP] Embed Pods Frameworks";
			outputFileListPaths = (
				"${PODS_ROOT}/Target Support Files/Pods-Awesome-AwesomeTests/Pods-Awesome-AwesomeTests-frameworks-${CONFIGURATION}-output-files.xcfilelist",
			);
			runOnlyForDeploymentPostprocessing = 0;
			shellPath = /bin/sh;
			shellScript = "\"${PODS_ROOT}/Target Support Files/Pods-Awesome-AwesomeTests/Pods-Awesome-AwesomeTests-frameworks.sh\"\n";
			showEnvVarsInLog = 0;
		};
		E235C05ADACE081382539298 /* [CP] Copy Pods Resources */ = {
			isa = PBXShellScriptBuildPhase;
			buildActionMask = 2147483647;
			files = (
			);
			inputFileListPaths = (
				"${PODS_ROOT}/Target Support Files/Pods-Awesome/Pods-Awesome-resources-${CONFIGURATION}-input-files.xcfilelist",
			);
			name = "[CP] Copy Pods Resources";
			outputFileListPaths = (
				"${PODS_ROOT}/Target Support Files/Pods-Awesome/Pods-Awesome-resources-${CONFIGURATION}-output-files.xcfilelist",
			);
			runOnlyForDeploymentPostprocessing = 0;
			shellPath = /bin/sh;
			shellScript = "\"${PODS_ROOT}/Target Support Files/Pods-Awesome/Pods-Awesome-resources.sh\"\n";
			showEnvVarsInLog = 0;
		};
		F6A41C54EA430FDDC6A6ED99 /* [CP] Copy Pods Resources */ = {
			isa = PBXShellScriptBuildPhase;
			buildActionMask = 2147483647;
			files = (
			);
			inputFileListPaths = (
				"${PODS_ROOT}/Target Support Files/Pods-Awesome-AwesomeTests/Pods-Awesome-AwesomeTests-resources-${CONFIGURATION}-input-files.xcfilelist",
			);
			name = "[CP] Copy Pods Resources";
			outputFileListPaths = (
				"${PODS_ROOT}/Target Support Files/Pods-Awesome-AwesomeTests/Pods-Awesome-AwesomeTests-resources-${CONFIGURATION}-output-files.xcfilelist",
			);
			runOnlyForDeploymentPostprocessing = 0;
			shellPath = /bin/sh;
			shellScript = "\"${PODS_ROOT}/Target Support Files/Pods-Awesome-AwesomeTests/Pods-Awesome-AwesomeTests-resources.sh\"\n";
			showEnvVarsInLog = 0;
		};
		FD10A7F022414F080027D42C /* Start Packager */ = {
			isa = PBXShellScriptBuildPhase;
			buildActionMask = 2147483647;
			files = (
			);
			inputFileListPaths = (
			);
			inputPaths = (
			);
			name = "Start Packager";
			outputFileListPaths = (
			);
			outputPaths = (
			);
			runOnlyForDeploymentPostprocessing = 0;
			shellPath = /bin/sh;
			shellScript = "export RCT_METRO_PORT=\"${RCT_METRO_PORT:=8081}\"\necho \"export RCT_METRO_PORT=${RCT_METRO_PORT}\" > \"${SRCROOT}/../node_modules/react-native/scripts/.packager.env\"\nif [ -z \"${RCT_NO_LAUNCH_PACKAGER+xxx}\" ] ; then\n  if nc -w 5 -z localhost ${RCT_METRO_PORT} ; then\n    if ! curl -s \"http://localhost:${RCT_METRO_PORT}/status\" | grep -q \"packager-status:running\" ; then\n      echo \"Port ${RCT_METRO_PORT} already in use, packager is either not running or not running correctly\"\n      exit 2\n    fi\n  else\n    open \"$SRCROOT/../node_modules/react-native/scripts/launchPackager.command\" || echo \"Can't start packager automatically\"\n  fi\nfi\n";
			showEnvVarsInLog = 0;
		};
/* End PBXShellScriptBuildPhase section */

/* Begin PBXSourcesBuildPhase section */
		00E356EA1AD99517003FC87E /* Sources */ = {
			isa = PBXSourcesBuildPhase;
			buildActionMask = 2147483647;
			files = (
				00E356F31AD99517003FC87E /* AwesomeTests.m in Sources */,
			);
			runOnlyForDeploymentPostprocessing = 0;
		};
		13B07F871A680F5B00A75B9A /* Sources */ = {
			isa = PBXSourcesBuildPhase;
			buildActionMask = 2147483647;
			files = (
				13B07FBC1A68108700A75B9A /* AppDelegate.mm in Sources */,
				13B07FC11A68108700A75B9A /* main.m in Sources */,
			);
			runOnlyForDeploymentPostprocessing = 0;
		};
/* End PBXSourcesBuildPhase section */

/* Begin PBXTargetDependency section */
		00E356F51AD99517003FC87E /* PBXTargetDependency */ = {
			isa = PBXTargetDependency;
			target = 13B07F861A680F5B00A75B9A /* Awesome */;
			targetProxy = 00E356F41AD99517003FC87E /* PBXContainerItemProxy */;
		};
/* End PBXTargetDependency section */

/* Begin XCBuildConfiguration section */
		00E356F61AD99517003FC87E /* Debug */ = {
			isa = XCBuildConfiguration;
			baseConfigurationReference = 5B7EB9410499542E8C5724F5 /* Pods-Awesome-AwesomeTests.debug.xcconfig */;
			buildSettings = {
				ALWAYS_EMBED_SWIFT_STANDARD_LIBRARIES = YES;
				BUNDLE_LOADER = "$(TEST_HOST)";
				GCC_PREPROCESSOR_DEFINITIONS = (
					"DEBUG=1",
					"$(inherited)",
				);
				INFOPLIST_FILE = AwesomeTests/Info.plist;
				IPHONEOS_DEPLOYMENT_TARGET = 12.4;
				LD_RUNPATH_SEARCH_PATHS = (
					"$(inherited)",
					"@executable_path/Frameworks",
					"@loader_path/Frameworks",
				);
				OTHER_LDFLAGS = (
					"-ObjC",
					"-lc++",
					"$(inherited)",
				);
				PRODUCT_BUNDLE_IDENTIFIER = "org.reactjs.native.example.$(PRODUCT_NAME:rfc1034identifier)";
				PRODUCT_NAME = "$(TARGET_NAME)";
				TEST_HOST = "$(BUILT_PRODUCTS_DIR)/Awesome.app/Awesome";
			};
			name = Debug;
		};
		00E356F71AD99517003FC87E /* Release */ = {
			isa = XCBuildConfiguration;
			baseConfigurationReference = 89C6BE57DB24E9ADA2F236DE /* Pods-Awesome-AwesomeTests.release.xcconfig */;
			buildSettings = {
				ALWAYS_EMBED_SWIFT_STANDARD_LIBRARIES = YES;
				BUNDLE_LOADER = "$(TEST_HOST)";
				COPY_PHASE_STRIP = NO;
				INFOPLIST_FILE = AwesomeTests/Info.plist;
				IPHONEOS_DEPLOYMENT_TARGET = 12.4;
				LD_RUNPATH_SEARCH_PATHS = (
					"$(inherited)",
					"@executable_path/Frameworks",
					"@loader_path/Frameworks",
				);
				OTHER_LDFLAGS = (
					"-ObjC",
					"-lc++",
					"$(inherited)",
				);
				PRODUCT_BUNDLE_IDENTIFIER = "org.reactjs.native.example.$(PRODUCT_NAME:rfc1034identifier)";
				PRODUCT_NAME = "$(TARGET_NAME)";
				TEST_HOST = "$(BUILT_PRODUCTS_DIR)/Awesome.app/Awesome";
			};
			name = Release;
		};
		13B07F941A680F5B00A75B9A /* Debug */ = {
			isa = XCBuildConfiguration;
			baseConfigurationReference = 3B4392A12AC88292D35C810B /* Pods-Awesome.debug.xcconfig */;
			buildSettings = {
				ASSETCATALOG_COMPILER_APPICON_NAME = AppIcon;
				CLANG_ENABLE_MODULES = YES;
				CURRENT_PROJECT_VERSION = 1;
				ENABLE_BITCODE = NO;
				INFOPLIST_FILE = Awesome/Info.plist;
				LD_RUNPATH_SEARCH_PATHS = (
					"$(inherited)",
					"@executable_path/Frameworks",
				);
				OTHER_LDFLAGS = (
					"$(inherited)",
					"-ObjC",
					"-lc++",
				);
				PRODUCT_BUNDLE_IDENTIFIER = "org.reactjs.native.example.$(PRODUCT_NAME:rfc1034identifier)";
				PRODUCT_NAME = Awesome;
				SWIFT_OPTIMIZATION_LEVEL = "-Onone";
				SWIFT_VERSION = 5.0;
				VERSIONING_SYSTEM = "apple-generic";
			};
			name = Debug;
		};
		13B07F951A680F5B00A75B9A /* Release */ = {
			isa = XCBuildConfiguration;
			baseConfigurationReference = 5709B34CF0A7D63546082F79 /* Pods-Awesome.release.xcconfig */;
			buildSettings = {
				ASSETCATALOG_COMPILER_APPICON_NAME = AppIcon;
				CLANG_ENABLE_MODULES = YES;
				CURRENT_PROJECT_VERSION = 1;
				INFOPLIST_FILE = Awesome/Info.plist;
				LD_RUNPATH_SEARCH_PATHS = (
					"$(inherited)",
					"@executable_path/Frameworks",
				);
				OTHER_LDFLAGS = (
					"$(inherited)",
					"-ObjC",
					"-lc++",
				);
				PRODUCT_BUNDLE_IDENTIFIER = "org.reactjs.native.example.$(PRODUCT_NAME:rfc1034identifier)";
				PRODUCT_NAME = Awesome;
				SWIFT_VERSION = 5.0;
				VERSIONING_SYSTEM = "apple-generic";
			};
			name = Release;
		};
		83CBBA201A601CBA00E9B192 /* Debug */ = {
			isa = XCBuildConfiguration;
			buildSettings = {
				ALWAYS_SEARCH_USER_PATHS = NO;
				CLANG_ANALYZER_LOCALIZABILITY_NONLOCALIZED = YES;
				CLANG_CXX_LANGUAGE_STANDARD = "c++17";
				CLANG_CXX_LIBRARY = "libc++";
				CLANG_ENABLE_MODULES = YES;
				CLANG_ENABLE_OBJC_ARC = YES;
				CLANG_WARN_BLOCK_CAPTURE_AUTORELEASING = YES;
				CLANG_WARN_BOOL_CONVERSION = YES;
				CLANG_WARN_COMMA = YES;
				CLANG_WARN_CONSTANT_CONVERSION = YES;
				CLANG_WARN_DEPRECATED_OBJC_IMPLEMENTATIONS = YES;
				CLANG_WARN_DIRECT_OBJC_ISA_USAGE = YES_ERROR;
				CLANG_WARN_EMPTY_BODY = YES;
				CLANG_WARN_ENUM_CONVERSION = YES;
				CLANG_WARN_INFINITE_RECURSION = YES;
				CLANG_WARN_INT_CONVERSION = YES;
				CLANG_WARN_NON_LITERAL_NULL_CONVERSION = YES;
				CLANG_WARN_OBJC_IMPLICIT_RETAIN_SELF = YES;
				CLANG_WARN_OBJC_LITERAL_CONVERSION = YES;
				CLANG_WARN_OBJC_ROOT_CLASS = YES_ERROR;
				CLANG_WARN_QUOTED_INCLUDE_IN_FRAMEWORK_HEADER = YES;
				CLANG_WARN_RANGE_LOOP_ANALYSIS = YES;
				CLANG_WARN_STRICT_PROTOTYPES = YES;
				CLANG_WARN_SUSPICIOUS_MOVE = YES;
				CLANG_WARN_UNREACHABLE_CODE = YES;
				CLANG_WARN__DUPLICATE_METHOD_MATCH = YES;
				"CODE_SIGN_IDENTITY[sdk=iphoneos*]" = "iPhone Developer";
				COPY_PHASE_STRIP = NO;
				ENABLE_STRICT_OBJC_MSGSEND = YES;
				ENABLE_TESTABILITY = YES;
				"EXCLUDED_ARCHS[sdk=iphonesimulator*]" = "";
				GCC_C_LANGUAGE_STANDARD = gnu99;
				GCC_DYNAMIC_NO_PIC = NO;
				GCC_NO_COMMON_BLOCKS = YES;
				GCC_OPTIMIZATION_LEVEL = 0;
				GCC_PREPROCESSOR_DEFINITIONS = (
					"DEBUG=1",
					"$(inherited)",
				);
				GCC_SYMBOLS_PRIVATE_EXTERN = NO;
				GCC_WARN_64_TO_32_BIT_CONVERSION = YES;
				GCC_WARN_ABOUT_RETURN_TYPE = YES_ERROR;
				GCC_WARN_UNDECLARED_SELECTOR = YES;
				GCC_WARN_UNINITIALIZED_AUTOS = YES_AGGRESSIVE;
				GCC_WARN_UNUSED_FUNCTION = YES;
				GCC_WARN_UNUSED_VARIABLE = YES;
				IPHONEOS_DEPLOYMENT_TARGET = 12.4;
				LD_RUNPATH_SEARCH_PATHS = (
					/usr/lib/swift,
					"$(inherited)",
				);
				LIBRARY_SEARCH_PATHS = (
					"\"$(SDKROOT)/usr/lib/swift\"",
					"\"$(TOOLCHAIN_DIR)/usr/lib/swift/$(PLATFORM_NAME)\"",
					"\"$(inherited)\"",
				);
				MTL_ENABLE_DEBUG_INFO = YES;
				ONLY_ACTIVE_ARCH = YES;
				OTHER_CPLUSPLUSFLAGS = (
					"$(OTHER_CFLAGS)",
					"-DFOLLY_NO_CONFIG",
					"-DFOLLY_MOBILE=1",
					"-DFOLLY_USE_LIBCPP=1",
				);
				REACT_NATIVE_PATH = "${PODS_ROOT}/../../node_modules/react-native";
				SDKROOT = iphoneos;
			};
			name = Debug;
		};
		83CBBA211A601CBA00E9B192 /* Release */ = {
			isa = XCBuildConfiguration;
			buildSettings = {
				ALWAYS_SEARCH_USER_PATHS = NO;
				CLANG_ANALYZER_LOCALIZABILITY_NONLOCALIZED = YES;
				CLANG_CXX_LANGUAGE_STANDARD = "c++17";
				CLANG_CXX_LIBRARY = "libc++";
				CLANG_ENABLE_MODULES = YES;
				CLANG_ENABLE_OBJC_ARC = YES;
				CLANG_WARN_BLOCK_CAPTURE_AUTORELEASING = YES;
				CLANG_WARN_BOOL_CONVERSION = YES;
				CLANG_WARN_COMMA = YES;
				CLANG_WARN_CONSTANT_CONVERSION = YES;
				CLANG_WARN_DEPRECATED_OBJC_IMPLEMENTATIONS = YES;
				CLANG_WARN_DIRECT_OBJC_ISA_USAGE = YES_ERROR;
				CLANG_WARN_EMPTY_BODY = YES;
				CLANG_WARN_ENUM_CONVERSION = YES;
				CLANG_WARN_INFINITE_RECURSION = YES;
				CLANG_WARN_INT_CONVERSION = YES;
				CLANG_WARN_NON_LITERAL_NULL_CONVERSION = YES;
				CLANG_WARN_OBJC_IMPLICIT_RETAIN_SELF = YES;
				CLANG_WARN_OBJC_LITERAL_CONVERSION = YES;
				CLANG_WARN_OBJC_ROOT_CLASS = YES_ERROR;
				CLANG_WARN_QUOTED_INCLUDE_IN_FRAMEWORK_HEADER = YES;
				CLANG_WARN_RANGE_LOOP_ANALYSIS = YES;
				CLANG_WARN_STRICT_PROTOTYPES = YES;
				CLANG_WARN_SUSPICIOUS_MOVE = YES;
				CLANG_WARN_UNREACHABLE_CODE = YES;
				CLANG_WARN__DUPLICATE_METHOD_MATCH = YES;
				"CODE_SIGN_IDENTITY[sdk=iphoneos*]" = "iPhone Developer";
				COPY_PHASE_STRIP = YES;
				ENABLE_NS_ASSERTIONS = NO;
				ENABLE_STRICT_OBJC_MSGSEND = YES;
				"EXCLUDED_ARCHS[sdk=iphonesimulator*]" = "";
				GCC_C_LANGUAGE_STANDARD = gnu99;
				GCC_NO_COMMON_BLOCKS = YES;
				GCC_WARN_64_TO_32_BIT_CONVERSION = YES;
				GCC_WARN_ABOUT_RETURN_TYPE = YES_ERROR;
				GCC_WARN_UNDECLARED_SELECTOR = YES;
				GCC_WARN_UNINITIALIZED_AUTOS = YES_AGGRESSIVE;
				GCC_WARN_UNUSED_FUNCTION = YES;
				GCC_WARN_UNUSED_VARIABLE = YES;
				IPHONEOS_DEPLOYMENT_TARGET = 12.4;
				LD_RUNPATH_SEARCH_PATHS = (
					/usr/lib/swift,
					"$(inherited)",
				);
				LIBRARY_SEARCH_PATHS = (
					"\"$(SDKROOT)/usr/lib/swift\"",
					"\"$(TOOLCHAIN_DIR)/usr/lib/swift/$(PLATFORM_NAME)\"",
					"\"$(inherited)\"",
				);
				MTL_ENABLE_DEBUG_INFO = NO;
				OTHER_CPLUSPLUSFLAGS = (
					"$(OTHER_CFLAGS)",
					"-DFOLLY_NO_CONFIG",
					"-DFOLLY_MOBILE=1",
					"-DFOLLY_USE_LIBCPP=1",
				);
				REACT_NATIVE_PATH = "${PODS_ROOT}/../../node_modules/react-native";
				SDKROOT = iphoneos;
				VALIDATE_PRODUCT = YES;
			};
			name = Release;
		};
/* End XCBuildConfiguration section */

/* Begin XCConfigurationList section */
		00E357021AD99517003FC87E /* Build configuration list for PBXNativeTarget "AwesomeTests" */ = {
			isa = XCConfigurationList;
			buildConfigurations = (
				00E356F61AD99517003FC87E /* Debug */,
				00E356F71AD99517003FC87E /* Release */,
			);
			defaultConfigurationIsVisible = 0;
			defaultConfigurationName = Release;
		};
		13B07F931A680F5B00A75B9A /* Build configuration list for PBXNativeTarget "Awesome" */ = {
			isa = XCConfigurationList;
			buildConfigurations = (
				13B07F941A680F5B00A75B9A /* Debug */,
				13B07F951A680F5B00A75B9A /* Release */,
			);
			defaultConfigurationIsVisible = 0;
			defaultConfigurationName = Release;
		};
		83CBB9FA1A601CBA00E9B192 /* Build configuration list for PBXProject "Awesome" */ = {
			isa = XCConfigurationList;
			buildConfigurations = (
				83CBBA201A601CBA00E9B192 /* Debug */,
				83CBBA211A601CBA00E9B192 /* Release */,
			);
			defaultConfigurationIsVisible = 0;
			defaultConfigurationName = Release;
		};
/* End XCConfigurationList section */
	};
	rootObject = 83CBB9F71A601CBA00E9B192 /* Project object */;
}
